# This file is autogenerated, do not edit; changes may be undone by the next 'dep ensure'.


[[projects]]
  digest = "1:870d441fe217b8e689d7949fef6e43efbc787e50f200cb1e70dbca9204a1d6be"
  name = "github.com/inconshreveable/mousetrap"
  packages = ["."]
  pruneopts = "UT"
  revision = "76626ae9c91c4f2a10f34cad8ce83ea42c93bb75"
  version = "v1.0"

[[projects]]
  branch = "master"
  digest = "1:400e113a367b511b9b09ca642ee11d9885485a93838526d697033af334a2fdde"
  name = "github.com/kballard/go-shellquote"
  packages = ["."]
  pruneopts = "UT"
  revision = "95032a82bc518f77982ea72343cc1ade730072f0"

[[projects]]
  digest = "1:7c084e0e780596dd2a7e20d25803909a9a43689c153de953520dfbc0b0e51166"
  name = "github.com/mattn/go-colorable"
  packages = ["."]
  pruneopts = "UT"
  revision = "8029fb3788e5a4a9c00e415f586a6d033f5d38b3"
  version = "v0.1.2"

[[projects]]
  digest = "1:9b90c7639a41697f3d4ad12d7d67dfacc9a7a4a6e0bbfae4fc72d0da57c28871"
  name = "github.com/mattn/go-isatty"
  packages = ["."]
  pruneopts = "UT"
  revision = "1311e847b0cb909da63b5fecfb5370aa66236465"
  version = "v0.0.8"

[[projects]]
  branch = "master"
  digest = "1:2b32af4d2a529083275afc192d1067d8126b578c7a9613b26600e4df9c735155"
  name = "github.com/mgutz/ansi"
  packages = ["."]
  pruneopts = "UT"
  revision = "9520e82c474b0a04dd04f8a40959027271bab992"

[[projects]]
  digest = "1:22799aea8fe96dd5693abdd1eaa14b1b29e3eafbdc7733fa155b3cb556c8a7ae"
  name = "github.com/spf13/cobra"
  packages = ["."]
  pruneopts = "UT"
  revision = "67fc4837d267bc9bfd6e47f77783fcc3dffc68de"
  version = "v0.0.4"

[[projects]]
  digest = "1:c1b1102241e7f645bc8e0c22ae352e8f0dc6484b6cb4d132fa9f24174e0119e2"
  name = "github.com/spf13/pflag"
  packages = ["."]
  pruneopts = "UT"
  revision = "298182f68c66c05229eb03ac171abe6e309ee79a"
  version = "v1.0.3"

[[projects]]
  branch = "master"
  digest = "1:8f5108406bc43c7669b0d67d282e40d05c9f268615fcaf8c1f0f76965aa3f09f"
  name = "golang.org/x/sys"
  packages = ["unix"]
  pruneopts = "UT"
  revision = "4c4f7f33c9ed00de01c4c741d2177abfcfe19307"

[[projects]]
  digest = "1:5cbcd7b7842e62d419d8e6fdaef4f95785e248337a565c25cbae238a585ac4e2"
  name = "gopkg.in/AlecAivazis/survey.v1"
  packages = [
    ".",
    "core",
    "terminal",
  ]
  pruneopts = "UT"
  revision = "3db8b5dd7b2875d268abf7c1feb59bd929f6b838"
  version = "v1.8.5"

[[projects]]
  digest = "1:4d2e5a73dc1500038e504a8d78b986630e3626dc027bc030ba5c75da257cdb96"
  name = "gopkg.in/yaml.v2"
  packages = ["."]
  pruneopts = "UT"
  revision = "51d6538a90f86fe93ac480b35f37b2be17fef232"
  version = "v2.2.2"

[solve-meta]
  analyzer-name = "dep"
  analyzer-version = 1
  input-imports = [
    "github.com/spf13/cobra",
    "gopkg.in/AlecAivazis/survey.v1",
    "gopkg.in/yaml.v2",
  ]
  solver-name = "gps-cdcl"
  solver-version = 1
